
Microsoft Visual Studio Solution File, Format Version 12.00
# Visual Studio Version 17
VisualStudioVersion = 17.13.35931.197 d17.13
MinimumVisualStudioVersion = 10.0.40219.1
Project("{FAE04EC0-301F-11D3-BF4B-00C04F79EFBC}") = "Mp3", "Mp3\Mp3.csproj", "{8AFA54A6-1D2A-442B-AE9C-1646BFBA191F}"
EndProject
Global
	GlobalSection(SolutionConfigurationPlatforms) = preSolution
		Debug|Any CPU = Debug|Any CPU
		Release|Any CPU = Release|Any CPU
	EndGlobalSection
	GlobalSection(ProjectConfigurationPlatforms) = postSolution
		{8AFA54A6-1D2A-442B-AE9C-1646BFBA191F}.Debug|Any CPU.ActiveCfg = Debug|Any CPU
		{8AFA54A6-1D2A-442B-AE9C-1646BFBA191F}.Debug|Any CPU.Build.0 = Debug|Any CPU
		{8AFA54A6-1D2A-442B-AE9C-1646BFBA191F}.Release|Any CPU.ActiveCfg = Release|Any CPU
		{8AFA54A6-1D2A-442B-AE9C-1646BFBA191F}.Release|Any CPU.Build.0 = Release|Any CPU
	EndGlobalSection
	GlobalSection(SolutionProperties) = preSolution
		HideSolutionNode = FALSE
	EndGlobalSection
	GlobalSection(ExtensibilityGlobals) = postSolution
		SolutionGuid = {BF7FA692-D441-4CFF-B706-D358DD58B4A9}
	EndGlobalSection
EndGlobal
